# This file was autogenerated by Stack.
# You should not edit this file by hand.
# For more information, please see the documentation at:
#   https://docs.haskellstack.org/en/stable/lock_files

packages:
- completed:
    hackage: statistics-0.14.0.2@sha256:23474780ad5ffa28ff3f46fe041a9e3fd309c98b776ce94e8851183bb107a7af,5169
    pantry-tree:
      size: 5459
      sha256: a82e92ae5586361f8ba78c169e3aa28f32294adc67105026595749fbe6ed1ba2
  original:
    hackage: statistics-0.14.0.2
- completed:
    hackage: chronos-bench-0.2.0.2@sha256:dbffaad733d2817f4ead1392f51417310bebb39122d89975ce236971aadbf524,1961
    pantry-tree:
      size: 481
      sha256: 120e1d349c3d0546280b5c567510024dcbff7937a935d0b81d4c690ae358b042
  original:
    hackage: chronos-bench-0.2.0.2
snapshots:
- completed:
    size: 491909
    url: https://raw.githubusercontent.com/commercialhaskell/stackage-snapshots/master/nightly/2019/2/27.yaml
    sha256: 024e7b34b021c548cd81acee015d2411c51568f670ef7668832420765fb6c96b
  original: nightly-2019-02-27
